
Microsoft Visual Studio Solution File, Format Version 12.00
# Visual Studio Version 17
VisualStudioVersion = 17.4.33213.308
MinimumVisualStudioVersion = 10.0.40219.1
Project("{8BC9CEB8-8B4A-11D0-8D11-00A0C91BC942}") = "Lab_1", "Lab_1.vcxproj", "{C562A1B3-8073-450A-8DDB-09CB7BD099FA}"
EndProject
Project("{8BC9CEB8-8B4A-11D0-8D11-00A0C91BC942}") = "test", "..\test\test.vcxproj", "{AD38E02D-301F-4604-A93F-20C43D4CAF77}"
EndProject
Global
	GlobalSection(SolutionConfigurationPlatforms) = preSolution
		Debug|x64 = Debug|x64
		Debug|x86 = Debug|x86
		Release|x64 = Release|x64
		Release|x86 = Release|x86
	EndGlobalSection
	GlobalSection(ProjectConfigurationPlatforms) = postSolution
		{C562A1B3-8073-450A-8DDB-09CB7BD099FA}.Debug|x64.ActiveCfg = Debug|x64
		{C562A1B3-8073-450A-8DDB-09CB7BD099FA}.Debug|x64.Build.0 = Debug|x64
		{C562A1B3-8073-450A-8DDB-09CB7BD099FA}.Debug|x86.ActiveCfg = Debug|Win32
		{C562A1B3-8073-450A-8DDB-09CB7BD099FA}.Debug|x86.Build.0 = Debug|Win32
		{C562A1B3-8073-450A-8DDB-09CB7BD099FA}.Release|x64.ActiveCfg = Release|x64
		{C562A1B3-8073-450A-8DDB-09CB7BD099FA}.Release|x64.Build.0 = Release|x64
		{C562A1B3-8073-450A-8DDB-09CB7BD099FA}.Release|x86.ActiveCfg = Release|Win32
		{C562A1B3-8073-450A-8DDB-09CB7BD099FA}.Release|x86.Build.0 = Release|Win32
		{AD38E02D-301F-4604-A93F-20C43D4CAF77}.Debug|x64.ActiveCfg = Debug|x64
		{AD38E02D-301F-4604-A93F-20C43D4CAF77}.Debug|x64.Build.0 = Debug|x64
		{AD38E02D-301F-4604-A93F-20C43D4CAF77}.Debug|x86.ActiveCfg = Debug|Win32
		{AD38E02D-301F-4604-A93F-20C43D4CAF77}.Debug|x86.Build.0 = Debug|Win32
		{AD38E02D-301F-4604-A93F-20C43D4CAF77}.Release|x64.ActiveCfg = Release|x64
		{AD38E02D-301F-4604-A93F-20C43D4CAF77}.Release|x64.Build.0 = Release|x64
		{AD38E02D-301F-4604-A93F-20C43D4CAF77}.Release|x86.ActiveCfg = Release|Win32
		{AD38E02D-301F-4604-A93F-20C43D4CAF77}.Release|x86.Build.0 = Release|Win32
	EndGlobalSection
	GlobalSection(SolutionProperties) = preSolution
		HideSolutionNode = FALSE
	EndGlobalSection
	GlobalSection(ExtensibilityGlobals) = postSolution
		SolutionGuid = {47316A16-4D44-4AE8-B209-EBD9217EFCAA}
	EndGlobalSection
EndGlobal
